
Microsoft Visual Studio Solution File, Format Version 12.00
# Visual Studio Version 17
VisualStudioVersion = 17.8.34322.80
MinimumVisualStudioVersion = 10.0.40219.1
Project("{FAE04EC0-301F-11D3-BF4B-00C04F79EFBC}") = "Ogrenci_Not_Sistem", "Ogrenci_Not_Sistem\Ogrenci_Not_Sistem.csproj", "{31735243-86A6-4496-868E-1A264C009F34}"
EndProject
Global
	GlobalSection(SolutionConfigurationPlatforms) = preSolution
		Debug|Any CPU = Debug|Any CPU
		Release|Any CPU = Release|Any CPU
	EndGlobalSection
	GlobalSection(ProjectConfigurationPlatforms) = postSolution
		{31735243-86A6-4496-868E-1A264C009F34}.Debug|Any CPU.ActiveCfg = Debug|Any CPU
		{31735243-86A6-4496-868E-1A264C009F34}.Debug|Any CPU.Build.0 = Debug|Any CPU
		{31735243-86A6-4496-868E-1A264C009F34}.Release|Any CPU.ActiveCfg = Release|Any CPU
		{31735243-86A6-4496-868E-1A264C009F34}.Release|Any CPU.Build.0 = Release|Any CPU
	EndGlobalSection
	GlobalSection(SolutionProperties) = preSolution
		HideSolutionNode = FALSE
	EndGlobalSection
	GlobalSection(ExtensibilityGlobals) = postSolution
		SolutionGuid = {82F84A91-1731-42EA-9804-0DB6D45BF5D5}
	EndGlobalSection
EndGlobal
